
Microsoft Visual Studio Solution File, Format Version 12.00
# Visual Studio Version 17
VisualStudioVersion = 17.5.33414.496
MinimumVisualStudioVersion = 10.0.40219.1
Project("{FAE04EC0-301F-11D3-BF4B-00C04F79EFBC}") = "AreaOfCircle", "AreaOfCircle\AreaOfCircle.csproj", "{B29710CC-5A27-441C-AE30-D7B8398F8E3B}"
EndProject
Global
	GlobalSection(SolutionConfigurationPlatforms) = preSolution
		Debug|Any CPU = Debug|Any CPU
		Release|Any CPU = Release|Any CPU
	EndGlobalSection
	GlobalSection(ProjectConfigurationPlatforms) = postSolution
		{B29710CC-5A27-441C-AE30-D7B8398F8E3B}.Debug|Any CPU.ActiveCfg = Debug|Any CPU
		{B29710CC-5A27-441C-AE30-D7B8398F8E3B}.Debug|Any CPU.Build.0 = Debug|Any CPU
		{B29710CC-5A27-441C-AE30-D7B8398F8E3B}.Release|Any CPU.ActiveCfg = Release|Any CPU
		{B29710CC-5A27-441C-AE30-D7B8398F8E3B}.Release|Any CPU.Build.0 = Release|Any CPU
	EndGlobalSection
	GlobalSection(SolutionProperties) = preSolution
		HideSolutionNode = FALSE
	EndGlobalSection
	GlobalSection(ExtensibilityGlobals) = postSolution
		SolutionGuid = {1A33B346-5C1D-4F6B-AA8A-354BB24B89CE}
	EndGlobalSection
EndGlobal
